
Microsoft Visual Studio Solution File, Format Version 12.00
# Visual Studio Version 17
VisualStudioVersion = 17.2.32630.192
MinimumVisualStudioVersion = 10.0.40219.1
Project("{FAE04EC0-301F-11D3-BF4B-00C04F79EFBC}") = "ConsoleApp6", "ConsoleApp6\ConsoleApp6.csproj", "{86C88CA8-3CC7-4403-A0C1-D1848D08A3A4}"
EndProject
Global
	GlobalSection(SolutionConfigurationPlatforms) = preSolution
		Debug|Any CPU = Debug|Any CPU
		Release|Any CPU = Release|Any CPU
	EndGlobalSection
	GlobalSection(ProjectConfigurationPlatforms) = postSolution
		{86C88CA8-3CC7-4403-A0C1-D1848D08A3A4}.Debug|Any CPU.ActiveCfg = Debug|Any CPU
		{86C88CA8-3CC7-4403-A0C1-D1848D08A3A4}.Debug|Any CPU.Build.0 = Debug|Any CPU
		{86C88CA8-3CC7-4403-A0C1-D1848D08A3A4}.Release|Any CPU.ActiveCfg = Release|Any CPU
		{86C88CA8-3CC7-4403-A0C1-D1848D08A3A4}.Release|Any CPU.Build.0 = Release|Any CPU
	EndGlobalSection
	GlobalSection(SolutionProperties) = preSolution
		HideSolutionNode = FALSE
	EndGlobalSection
	GlobalSection(ExtensibilityGlobals) = postSolution
		SolutionGuid = {6C0911AA-AB3A-4DE6-9AD3-98C50986D33C}
	EndGlobalSection
EndGlobal
